
Microsoft Visual Studio Solution File, Format Version 12.00
# Visual Studio Version 17
VisualStudioVersion = 17.5.33414.496
MinimumVisualStudioVersion = 10.0.40219.1
Project("{FAE04EC0-301F-11D3-BF4B-00C04F79EFBC}") = "MIKO", "MIKO\MIKO.csproj", "{8643C889-9F98-434A-B3D1-3C69E52DD982}"
EndProject
Global
	GlobalSection(SolutionConfigurationPlatforms) = preSolution
		Debug|Any CPU = Debug|Any CPU
		Release|Any CPU = Release|Any CPU
	EndGlobalSection
	GlobalSection(ProjectConfigurationPlatforms) = postSolution
		{8643C889-9F98-434A-B3D1-3C69E52DD982}.Debug|Any CPU.ActiveCfg = Debug|Any CPU
		{8643C889-9F98-434A-B3D1-3C69E52DD982}.Debug|Any CPU.Build.0 = Debug|Any CPU
		{8643C889-9F98-434A-B3D1-3C69E52DD982}.Release|Any CPU.ActiveCfg = Release|Any CPU
		{8643C889-9F98-434A-B3D1-3C69E52DD982}.Release|Any CPU.Build.0 = Release|Any CPU
	EndGlobalSection
	GlobalSection(SolutionProperties) = preSolution
		HideSolutionNode = FALSE
	EndGlobalSection
	GlobalSection(ExtensibilityGlobals) = postSolution
		SolutionGuid = {575C3689-B29F-4046-8761-BBBDBF37FCAC}
	EndGlobalSection
EndGlobal
